{
    "_readme": [
        "This file locks the dependencies of your project to a known state",
        "Read more about it at https://getcomposer.org/doc/01-basic-usage.md#installing-dependencies",
        "This file is @generated automatically"
    ],
    "content-hash": "4475e5a07a7bbcf948944f3ff44b15ea",
    "packages": [
        {
            "name": "opis/database",
            "version": "4.0.0",
            "source": {
                "type": "git",
                "url": "https://github.com/opis/database.git",
                "reference": "f420da08fdbfc39aad2573254c09db1121cca4e1"
            },
            "dist": {
                "type": "zip",
                "url": "https://api.github.com/repos/opis/database/zipball/f420da08fdbfc39aad2573254c09db1121cca4e1",
                "reference": "f420da08fdbfc39aad2573254c09db1121cca4e1",
                "shasum": ""
            },
            "require": {
                "php": ">=7.0.0"
            },
            "require-dev": {
                "phpunit/phpunit": "^6.5",
                "symfony/yaml": "^3.4"
            },
            "type": "library",
            "extra": {
                "branch-alias": {
                    "dev-master": "4.0.x-dev"
                }
            },
            "autoload": {
                "psr-4": {
                    "Opis\\Database\\": "src/"
                }
            },
            "notification-url": "https://packagist.org/downloads/",
            "license": [
                "Apache-2.0"
            ],
            "authors": [
                {
                    "name": "Marius Sarca",
                    "email": "marius.sarca@gmail.com"
                }
            ],
            "description": "A database abstraction layer over PDO, that provides a powerful and intuitive query builder, bundled with an easy to use schema builder",
            "homepage": "http://opis.io",
            "keywords": [
                "Abstraction Layer",
                "database",
                "mysql",
                "postgre",
                "query",
                "query builder",
                "schema builder",
                "sql",
                "sqlite"
            ],
            "support": {
                "issues": "https://github.com/opis/database/issues",
                "source": "https://github.com/opis/database/tree/master"
            },
            "time": "2018-06-05T09:56:12+00:00"
        },
        {
            "name": "opis/orm",
            "version": "1.0.0",
            "source": {
                "type": "git",
                "url": "https://github.com/opis/orm.git",
                "reference": "54566774f59b09678c36d74bc4d78b5a3a532b2c"
            },
            "dist": {
                "type": "zip",
                "url": "https://api.github.com/repos/opis/orm/zipball/54566774f59b09678c36d74bc4d78b5a3a532b2c",
                "reference": "54566774f59b09678c36d74bc4d78b5a3a532b2c",
                "shasum": ""
            },
            "require": {
                "opis/database": "^4.0"
            },
            "require-dev": {
                "phpunit/phpunit": "^6.5"
            },
            "type": "library",
            "extra": {
                "branch-alias": {
                    "dev-master": "1.0.x-dev"
                }
            },
            "autoload": {
                "psr-4": {
                    "Opis\\ORM\\": "src/"
                }
            },
            "notification-url": "https://packagist.org/downloads/",
            "license": [
                "Apache-2.0"
            ],
            "authors": [
                {
                    "name": "Marius Sarca",
                    "email": "marius.sarca@gmail.com"
                },
                {
                    "name": "Sorin Sarca",
                    "email": "sarca_sorin@hotmail.com"
                }
            ],
            "description": "Powerful ORM library",
            "homepage": "https://opis.io/orm",
            "keywords": [
                "data-mapper",
                "orm"
            ],
            "support": {
                "issues": "https://github.com/opis/orm/issues",
                "source": "https://github.com/opis/orm/tree/master"
            },
            "time": "2018-09-04T18:52:48+00:00"
        },
        {
            "name": "sibyx/phpgpx",
            "version": "1.2.1",
            "source": {
                "type": "git",
                "url": "https://github.com/Sibyx/phpGPX.git",
                "reference": "ae2fc57617ded987710e22128d94a0c20d4401da"
            },
            "dist": {
                "type": "zip",
                "url": "https://api.github.com/repos/Sibyx/phpGPX/zipball/ae2fc57617ded987710e22128d94a0c20d4401da",
                "reference": "ae2fc57617ded987710e22128d94a0c20d4401da",
                "shasum": ""
            },
            "require": {
                "ext-dom": "*",
                "ext-simplexml": "*",
                "lib-libxml": "*",
                "php": ">=5.5"
            },
            "require-dev": {
                "evert/phpdoc-md": "~0.2.0",
                "friendsofphp/php-cs-fixer": "^2.18",
                "phpunit/phpunit": "^6.5"
            },
            "type": "library",
            "autoload": {
                "psr-4": {
                    "phpGPX\\": "src/phpGPX/"
                }
            },
            "notification-url": "https://packagist.org/downloads/",
            "license": [
                "MIT"
            ],
            "authors": [
                {
                    "name": "Jakub Dubec",
                    "email": "jakub.dubec@gmail.com",
                    "homepage": "https://jakubdubec.me"
                }
            ],
            "description": "A simple PHP library for GPX import/export",
            "support": {
                "issues": "https://github.com/Sibyx/phpGPX/issues",
                "source": "https://github.com/Sibyx/phpGPX/tree/1.2.1"
            },
            "time": "2022-07-30T20:25:35+00:00"
        }
    ],
    "packages-dev": [],
    "aliases": [],
    "minimum-stability": "stable",
    "stability-flags": [],
    "prefer-stable": false,
    "prefer-lowest": false,
    "platform": [],
    "platform-dev": [],
    "plugin-api-version": "2.3.0"
}
