{
    "_readme": [
        "This file locks the dependencies of your project to a known state",
        "Read more about it at https://getcomposer.org/doc/01-basic-usage.md#installing-dependencies",
        "This file is @generated automatically"
    ],
    "content-hash": "69e37b47e5aedb51c480db7dbfc02f32",
    "packages": [
        {
            "name": "legomolina/simple-orm",
            "version": "2.0.1",
            "source": {
                "type": "git",
                "url": "https://github.com/legomolina/simple-orm.git",
                "reference": "c53cd5e8b3ca7bf3b581ec30e6acf02571f4df11"
            },
            "dist": {
                "type": "zip",
                "url": "https://api.github.com/repos/legomolina/simple-orm/zipball/c53cd5e8b3ca7bf3b581ec30e6acf02571f4df11",
                "reference": "c53cd5e8b3ca7bf3b581ec30e6acf02571f4df11",
                "shasum": ""
            },
            "require": {
                "php": ">=7.0"
            },
            "type": "library",
            "autoload": {
                "psr-4": {
                    "SimpleORM\\": "SimpleORM/"
                }
            },
            "notification-url": "https://packagist.org/downloads/",
            "license": [
                "MIT"
            ],
            "authors": [
                {
                    "name": "Cristian Molina",
                    "email": "legomolina@gmail.com"
                }
            ],
            "description": "SimpleORM is a little ORM based on PHP",
            "keywords": [
                "Simple",
                "orm",
                "php"
            ],
            "support": {
                "issues": "https://github.com/legomolina/simple-orm/issues",
                "source": "https://github.com/legomolina/simple-orm/tree/master"
            },
            "time": "2017-03-22T13:17:20+00:00"
        },
        {
            "name": "opis/database",
            "version": "4.0.0",
            "source": {
                "type": "git",
                "url": "https://github.com/opis/database.git",
                "reference": "f420da08fdbfc39aad2573254c09db1121cca4e1"
            },
            "dist": {
                "type": "zip",
                "url": "https://api.github.com/repos/opis/database/zipball/f420da08fdbfc39aad2573254c09db1121cca4e1",
                "reference": "f420da08fdbfc39aad2573254c09db1121cca4e1",
                "shasum": ""
            },
            "require": {
                "php": ">=7.0.0"
            },
            "require-dev": {
                "phpunit/phpunit": "^6.5",
                "symfony/yaml": "^3.4"
            },
            "type": "library",
            "extra": {
                "branch-alias": {
                    "dev-master": "4.0.x-dev"
                }
            },
            "autoload": {
                "psr-4": {
                    "Opis\\Database\\": "src/"
                }
            },
            "notification-url": "https://packagist.org/downloads/",
            "license": [
                "Apache-2.0"
            ],
            "authors": [
                {
                    "name": "Marius Sarca",
                    "email": "marius.sarca@gmail.com"
                }
            ],
            "description": "A database abstraction layer over PDO, that provides a powerful and intuitive query builder, bundled with an easy to use schema builder",
            "homepage": "http://opis.io",
            "keywords": [
                "Abstraction Layer",
                "database",
                "mysql",
                "postgre",
                "query",
                "query builder",
                "schema builder",
                "sql",
                "sqlite"
            ],
            "support": {
                "issues": "https://github.com/opis/database/issues",
                "source": "https://github.com/opis/database/tree/master"
            },
            "time": "2018-06-05T09:56:12+00:00"
        },
        {
            "name": "opis/orm",
            "version": "1.0.0",
            "source": {
                "type": "git",
                "url": "https://github.com/opis/orm.git",
                "reference": "54566774f59b09678c36d74bc4d78b5a3a532b2c"
            },
            "dist": {
                "type": "zip",
                "url": "https://api.github.com/repos/opis/orm/zipball/54566774f59b09678c36d74bc4d78b5a3a532b2c",
                "reference": "54566774f59b09678c36d74bc4d78b5a3a532b2c",
                "shasum": ""
            },
            "require": {
                "opis/database": "^4.0"
            },
            "require-dev": {
                "phpunit/phpunit": "^6.5"
            },
            "type": "library",
            "extra": {
                "branch-alias": {
                    "dev-master": "1.0.x-dev"
                }
            },
            "autoload": {
                "psr-4": {
                    "Opis\\ORM\\": "src/"
                }
            },
            "notification-url": "https://packagist.org/downloads/",
            "license": [
                "Apache-2.0"
            ],
            "authors": [
                {
                    "name": "Marius Sarca",
                    "email": "marius.sarca@gmail.com"
                },
                {
                    "name": "Sorin Sarca",
                    "email": "sarca_sorin@hotmail.com"
                }
            ],
            "description": "Powerful ORM library",
            "homepage": "https://opis.io/orm",
            "keywords": [
                "data-mapper",
                "orm"
            ],
            "support": {
                "issues": "https://github.com/opis/orm/issues",
                "source": "https://github.com/opis/orm/tree/master"
            },
            "time": "2018-09-04T18:52:48+00:00"
        }
    ],
    "packages-dev": [],
    "aliases": [],
    "minimum-stability": "stable",
    "stability-flags": [],
    "prefer-stable": false,
    "prefer-lowest": false,
    "platform": [],
    "platform-dev": [],
    "plugin-api-version": "2.3.0"
}
